
Microsoft Visual Studio Solution File, Format Version 12.00
# Visual Studio Version 17
VisualStudioVersion = 17.12.35527.113
MinimumVisualStudioVersion = 10.0.40219.1
Project("{FAE04EC0-301F-11D3-BF4B-00C04F79EFBC}") = "HangFire", "HangFire\HangFire.csproj", "{34B0A131-9502-44FC-BB3B-831C77192AA5}"
EndProject
Project("{FAE04EC0-301F-11D3-BF4B-00C04F79EFBC}") = "HangFire.Application", "HangFire.Application\HangFire.Application.csproj", "{27255EB2-A515-48EF-9D4D-E7ED52556945}"
EndProject
Global
	GlobalSection(SolutionConfigurationPlatforms) = preSolution
		Debug|Any CPU = Debug|Any CPU
		Release|Any CPU = Release|Any CPU
	EndGlobalSection
	GlobalSection(ProjectConfigurationPlatforms) = postSolution
		{34B0A131-9502-44FC-BB3B-831C77192AA5}.Debug|Any CPU.ActiveCfg = Debug|Any CPU
		{34B0A131-9502-44FC-BB3B-831C77192AA5}.Debug|Any CPU.Build.0 = Debug|Any CPU
		{34B0A131-9502-44FC-BB3B-831C77192AA5}.Release|Any CPU.ActiveCfg = Release|Any CPU
		{34B0A131-9502-44FC-BB3B-831C77192AA5}.Release|Any CPU.Build.0 = Release|Any CPU
		{27255EB2-A515-48EF-9D4D-E7ED52556945}.Debug|Any CPU.ActiveCfg = Debug|Any CPU
		{27255EB2-A515-48EF-9D4D-E7ED52556945}.Debug|Any CPU.Build.0 = Debug|Any CPU
		{27255EB2-A515-48EF-9D4D-E7ED52556945}.Release|Any CPU.ActiveCfg = Release|Any CPU
		{27255EB2-A515-48EF-9D4D-E7ED52556945}.Release|Any CPU.Build.0 = Release|Any CPU
	EndGlobalSection
	GlobalSection(SolutionProperties) = preSolution
		HideSolutionNode = FALSE
	EndGlobalSection
EndGlobal
